// !$*UTF8*$!
{
	archiveVersion = 1;
	classes = {
	};
	objectVersion = 55;
	objects = {

/* Begin PBXBuildFile section */
		FFA7750527193CCA00293F6B /* AppDelegate.swift in Sources */ = {isa = PBXBuildFile; fileRef = FFA7750427193CCA00293F6B /* AppDelegate.swift */; };
		FFA7750727193CCA00293F6B /* SceneDelegate.swift in Sources */ = {isa = PBXBuildFile; fileRef = FFA7750627193CCA00293F6B /* SceneDelegate.swift */; };
		FFA7750927193CCA00293F6B /* ViewController.swift in Sources */ = {isa = PBXBuildFile; fileRef = FFA7750827193CCA00293F6B /* ViewController.swift */; };
		FFA7750C27193CCA00293F6B /* Main.storyboard in Resources */ = {isa = PBXBuildFile; fileRef = FFA7750A27193CCA00293F6B /* Main.storyboard */; };
		FFA7750E27193CCD00293F6B /* Assets.xcassets in Resources */ = {isa = PBXBuildFile; fileRef = FFA7750D27193CCD00293F6B /* Assets.xcassets */; };
		FFA7751127193CCD00293F6B /* LaunchScreen.storyboard in Resources */ = {isa = PBXBuildFile; fileRef = FFA7750F27193CCD00293F6B /* LaunchScreen.storyboard */; };
		FFA7751D27193D5500293F6B /* Movie.swift in Sources */ = {isa = PBXBuildFile; fileRef = FFA7751C27193D5500293F6B /* Movie.swift */; };
		FFA7751F27193F0C00293F6B /* SearchViewController.swift in Sources */ = {isa = PBXBuildFile; fileRef = FFA7751E27193F0C00293F6B /* SearchViewController.swift */; };
		FFA775222719546000293F6B /* MovieTableViewCell.swift in Sources */ = {isa = PBXBuildFile; fileRef = FFA775212719545F00293F6B /* MovieTableViewCell.swift */; };
		FFCE20B02719C0D500E816F2 /* SearchViewStoryboard.storyboard in Resources */ = {isa = PBXBuildFile; fileRef = FFCE20AF2719C0D400E816F2 /* SearchViewStoryboard.storyboard */; };
		FFCE20B22719DE1100E816F2 /* MovieDetailTableViewCell.swift in Sources */ = {isa = PBXBuildFile; fileRef = FFCE20B12719DE1100E816F2 /* MovieDetailTableViewCell.swift */; };
		FFCE20B4271A674800E816F2 /* ActorViewController.swift in Sources */ = {isa = PBXBuildFile; fileRef = FFCE20B3271A674800E816F2 /* ActorViewController.swift */; };
		FFCE20B6271A678D00E816F2 /* ActorViewControllerStoryboard.storyboard in Resources */ = {isa = PBXBuildFile; fileRef = FFCE20B5271A678D00E816F2 /* ActorViewControllerStoryboard.storyboard */; };
		FFCE20B8271A950600E816F2 /* ActorTableViewCell.swift in Sources */ = {isa = PBXBuildFile; fileRef = FFCE20B7271A950500E816F2 /* ActorTableViewCell.swift */; };
/* End PBXBuildFile section */

/* Begin PBXFileReference section */
		FFA7750127193CCA00293F6B /* TrendMedia.app */ = {isa = PBXFileReference; explicitFileType = wrapper.application; includeInIndex = 0; path = TrendMedia.app; sourceTree = BUILT_PRODUCTS_DIR; };
		FFA7750427193CCA00293F6B /* AppDelegate.swift */ = {isa = PBXFileReference; lastKnownFileType = sourcecode.swift; path = AppDelegate.swift; sourceTree = "<group>"; };
		FFA7750627193CCA00293F6B /* SceneDelegate.swift */ = {isa = PBXFileReference; lastKnownFileType = sourcecode.swift; path = SceneDelegate.swift; sourceTree = "<group>"; };
		FFA7750827193CCA00293F6B /* ViewController.swift */ = {isa = PBXFileReference; lastKnownFileType = sourcecode.swift; path = ViewController.swift; sourceTree = "<group>"; };
		FFA7750B27193CCA00293F6B /* Base */ = {isa = PBXFileReference; lastKnownFileType = file.storyboard; name = Base; path = Base.lproj/Main.storyboard; sourceTree = "<group>"; };
		FFA7750D27193CCD00293F6B /* Assets.xcassets */ = {isa = PBXFileReference; lastKnownFileType = folder.assetcatalog; path = Assets.xcassets; sourceTree = "<group>"; };
		FFA7751027193CCD00293F6B /* Base */ = {isa = PBXFileReference; lastKnownFileType = file.storyboard; name = Base; path = Base.lproj/LaunchScreen.storyboard; sourceTree = "<group>"; };
		FFA7751227193CCD00293F6B /* Info.plist */ = {isa = PBXFileReference; lastKnownFileType = text.plist.xml; path = Info.plist; sourceTree = "<group>"; };
		FFA7751C27193D5500293F6B /* Movie.swift */ = {isa = PBXFileReference; lastKnownFileType = sourcecode.swift; path = Movie.swift; sourceTree = "<group>"; };
		FFA7751E27193F0C00293F6B /* SearchViewController.swift */ = {isa = PBXFileReference; lastKnownFileType = sourcecode.swift; path = SearchViewController.swift; sourceTree = "<group>"; };
		FFA775212719545F00293F6B /* MovieTableViewCell.swift */ = {isa = PBXFileReference; lastKnownFileType = sourcecode.swift; path = MovieTableViewCell.swift; sourceTree = "<group>"; };
		FFCE20AF2719C0D400E816F2 /* SearchViewStoryboard.storyboard */ = {isa = PBXFileReference; lastKnownFileType = file.storyboard; path = SearchViewStoryboard.storyboard; sourceTree = "<group>"; };
		FFCE20B12719DE1100E816F2 /* MovieDetailTableViewCell.swift */ = {isa = PBXFileReference; lastKnownFileType = sourcecode.swift; path = MovieDetailTableViewCell.swift; sourceTree = "<group>"; };
		FFCE20B3271A674800E816F2 /* ActorViewController.swift */ = {isa = PBXFileReference; lastKnownFileType = sourcecode.swift; path = ActorViewController.swift; sourceTree = "<group>"; };
		FFCE20B5271A678D00E816F2 /* ActorViewControllerStoryboard.storyboard */ = {isa = PBXFileReference; lastKnownFileType = file.storyboard; path = ActorViewControllerStoryboard.storyboard; sourceTree = "<group>"; };
		FFCE20B7271A950500E816F2 /* ActorTableViewCell.swift */ = {isa = PBXFileReference; lastKnownFileType = sourcecode.swift; path = ActorTableViewCell.swift; sourceTree = "<group>"; };
/* End PBXFileReference section */

/* Begin PBXFrameworksBuildPhase section */
		FFA774FE27193CCA00293F6B /* Frameworks */ = {
			isa = PBXFrameworksBuildPhase;
			buildActionMask = 2147483647;
			files = (
			);
			runOnlyForDeploymentPostprocessing = 0;
		};
/* End PBXFrameworksBuildPhase section */

/* Begin PBXGroup section */
		FFA774F827193CCA00293F6B = {
			isa = PBXGroup;
			children = (
				FFA7750327193CCA00293F6B /* TrendMedia */,
				FFA7750227193CCA00293F6B /* Products */,
			);
			sourceTree = "<group>";
		};
		FFA7750227193CCA00293F6B /* Products */ = {
			isa = PBXGroup;
			children = (
				FFA7750127193CCA00293F6B /* TrendMedia.app */,
			);
			name = Products;
			sourceTree = "<group>";
		};
		FFA7750327193CCA00293F6B /* TrendMedia */ = {
			isa = PBXGroup;
			children = (
				FFA775202719544100293F6B /* View */,
				FFA7751B27193D3B00293F6B /* Model */,
				FFA7751A27193CE500293F6B /* Storyboard */,
				FFA7751927193CDF00293F6B /* Resource */,
				FFA7751827193CD600293F6B /* Controller */,
				FFA7751227193CCD00293F6B /* Info.plist */,
			);
			path = TrendMedia;
			sourceTree = "<group>";
		};
		FFA7751827193CD600293F6B /* Controller */ = {
			isa = PBXGroup;
			children = (
				FFA7750827193CCA00293F6B /* ViewController.swift */,
				FFA7751E27193F0C00293F6B /* SearchViewController.swift */,
				FFCE20B3271A674800E816F2 /* ActorViewController.swift */,
			);
			path = Controller;
			sourceTree = "<group>";
		};
		FFA7751927193CDF00293F6B /* Resource */ = {
			isa = PBXGroup;
			children = (
				FFA7750427193CCA00293F6B /* AppDelegate.swift */,
				FFA7750627193CCA00293F6B /* SceneDelegate.swift */,
				FFA7750D27193CCD00293F6B /* Assets.xcassets */,
			);
			path = Resource;
			sourceTree = "<group>";
		};
		FFA7751A27193CE500293F6B /* Storyboard */ = {
			isa = PBXGroup;
			children = (
				FFA7750A27193CCA00293F6B /* Main.storyboard */,
				FFA7750F27193CCD00293F6B /* LaunchScreen.storyboard */,
				FFCE20AF2719C0D400E816F2 /* SearchViewStoryboard.storyboard */,
				FFCE20B5271A678D00E816F2 /* ActorViewControllerStoryboard.storyboard */,
			);
			path = Storyboard;
			sourceTree = "<group>";
		};
		FFA7751B27193D3B00293F6B /* Model */ = {
			isa = PBXGroup;
			children = (
				FFA7751C27193D5500293F6B /* Movie.swift */,
			);
			path = Model;
			sourceTree = "<group>";
		};
		FFA775202719544100293F6B /* View */ = {
			isa = PBXGroup;
			children = (
				FFA775212719545F00293F6B /* MovieTableViewCell.swift */,
				FFCE20B12719DE1100E816F2 /* MovieDetailTableViewCell.swift */,
				FFCE20B7271A950500E816F2 /* ActorTableViewCell.swift */,
			);
			path = View;
			sourceTree = "<group>";
		};
/* End PBXGroup section */

/* Begin PBXNativeTarget section */
		FFA7750027193CCA00293F6B /* TrendMedia */ = {
			isa = PBXNativeTarget;
			buildConfigurationList = FFA7751527193CCD00293F6B /* Build configuration list for PBXNativeTarget "TrendMedia" */;
			buildPhases = (
				FFA774FD27193CCA00293F6B /* Sources */,
				FFA774FE27193CCA00293F6B /* Frameworks */,
				FFA774FF27193CCA00293F6B /* Resources */,
			);
			buildRules = (
			);
			dependencies = (
			);
			name = TrendMedia;
			productName = TrendMedia;
			productReference = FFA7750127193CCA00293F6B /* TrendMedia.app */;
			productType = "com.apple.product-type.application";
		};
/* End PBXNativeTarget section */

/* Begin PBXProject section */
		FFA774F927193CCA00293F6B /* Project object */ = {
			isa = PBXProject;
			attributes = {
				BuildIndependentTargetsInParallel = 1;
				LastSwiftUpdateCheck = 1300;
				LastUpgradeCheck = 1300;
				TargetAttributes = {
					FFA7750027193CCA00293F6B = {
						CreatedOnToolsVersion = 13.0;
					};
				};
			};
			buildConfigurationList = FFA774FC27193CCA00293F6B /* Build configuration list for PBXProject "TrendMedia" */;
			compatibilityVersion = "Xcode 13.0";
			developmentRegion = en;
			hasScannedForEncodings = 0;
			knownRegions = (
				en,
				Base,
			);
			mainGroup = FFA774F827193CCA00293F6B;
			productRefGroup = FFA7750227193CCA00293F6B /* Products */;
			projectDirPath = "";
			projectRoot = "";
			targets = (
				FFA7750027193CCA00293F6B /* TrendMedia */,
			);
		};
/* End PBXProject section */

/* Begin PBXResourcesBuildPhase section */
		FFA774FF27193CCA00293F6B /* Resources */ = {
			isa = PBXResourcesBuildPhase;
			buildActionMask = 2147483647;
			files = (
				FFCE20B02719C0D500E816F2 /* SearchViewStoryboard.storyboard in Resources */,
				FFCE20B6271A678D00E816F2 /* ActorViewControllerStoryboard.storyboard in Resources */,
				FFA7751127193CCD00293F6B /* LaunchScreen.storyboard in Resources */,
				FFA7750E27193CCD00293F6B /* Assets.xcassets in Resources */,
				FFA7750C27193CCA00293F6B /* Main.storyboard in Resources */,
			);
			runOnlyForDeploymentPostprocessing = 0;
		};
/* End PBXResourcesBuildPhase section */

/* Begin PBXSourcesBuildPhase section */
		FFA774FD27193CCA00293F6B /* Sources */ = {
			isa = PBXSourcesBuildPhase;
			buildActionMask = 2147483647;
			files = (
				FFA7751F27193F0C00293F6B /* SearchViewController.swift in Sources */,
				FFCE20B8271A950600E816F2 /* ActorTableViewCell.swift in Sources */,
				FFA7750927193CCA00293F6B /* ViewController.swift in Sources */,
				FFA775222719546000293F6B /* MovieTableViewCell.swift in Sources */,
				FFA7750527193CCA00293F6B /* AppDelegate.swift in Sources */,
				FFCE20B4271A674800E816F2 /* ActorViewController.swift in Sources */,
				FFA7751D27193D5500293F6B /* Movie.swift in Sources */,
				FFCE20B22719DE1100E816F2 /* MovieDetailTableViewCell.swift in Sources */,
				FFA7750727193CCA00293F6B /* SceneDelegate.swift in Sources */,
			);
			runOnlyForDeploymentPostprocessing = 0;
		};
/* End PBXSourcesBuildPhase section */

/* Begin PBXVariantGroup section */
		FFA7750A27193CCA00293F6B /* Main.storyboard */ = {
			isa = PBXVariantGroup;
			children = (
				FFA7750B27193CCA00293F6B /* Base */,
			);
			name = Main.storyboard;
			sourceTree = "<group>";
		};
		FFA7750F27193CCD00293F6B /* LaunchScreen.storyboard */ = {
			isa = PBXVariantGroup;
			children = (
				FFA7751027193CCD00293F6B /* Base */,
			);
			name = LaunchScreen.storyboard;
			sourceTree = "<group>";
		};
/* End PBXVariantGroup section */

/* Begin XCBuildConfiguration section */
		FFA7751327193CCD00293F6B /* Debug */ = {
			isa = XCBuildConfiguration;
			buildSettings = {
				ALWAYS_SEARCH_USER_PATHS = NO;
				CLANG_ANALYZER_NONNULL = YES;
				CLANG_ANALYZER_NUMBER_OBJECT_CONVERSION = YES_AGGRESSIVE;
				CLANG_CXX_LANGUAGE_STANDARD = "gnu++17";
				CLANG_CXX_LIBRARY = "libc++";
				CLANG_ENABLE_MODULES = YES;
				CLANG_ENABLE_OBJC_ARC = YES;
				CLANG_ENABLE_OBJC_WEAK = YES;
				CLANG_WARN_BLOCK_CAPTURE_AUTORELEASING = YES;
				CLANG_WARN_BOOL_CONVERSION = YES;
				CLANG_WARN_COMMA = YES;
				CLANG_WARN_CONSTANT_CONVERSION = YES;
				CLANG_WARN_DEPRECATED_OBJC_IMPLEMENTATIONS = YES;
				CLANG_WARN_DIRECT_OBJC_ISA_USAGE = YES_ERROR;
				CLANG_WARN_DOCUMENTATION_COMMENTS = YES;
				CLANG_WARN_EMPTY_BODY = YES;
				CLANG_WARN_ENUM_CONVERSION = YES;
				CLANG_WARN_INFINITE_RECURSION = YES;
				CLANG_WARN_INT_CONVERSION = YES;
				CLANG_WARN_NON_LITERAL_NULL_CONVERSION = YES;
				CLANG_WARN_OBJC_IMPLICIT_RETAIN_SELF = YES;
				CLANG_WARN_OBJC_LITERAL_CONVERSION = YES;
				CLANG_WARN_OBJC_ROOT_CLASS = YES_ERROR;
				CLANG_WARN_QUOTED_INCLUDE_IN_FRAMEWORK_HEADER = YES;
				CLANG_WARN_RANGE_LOOP_ANALYSIS = YES;
				CLANG_WARN_STRICT_PROTOTYPES = YES;
				CLANG_WARN_SUSPICIOUS_MOVE = YES;
				CLANG_WARN_UNGUARDED_AVAILABILITY = YES_AGGRESSIVE;
				CLANG_WARN_UNREACHABLE_CODE = YES;
				CLANG_WARN__DUPLICATE_METHOD_MATCH = YES;
				COPY_PHASE_STRIP = NO;
				DEBUG_INFORMATION_FORMAT = dwarf;
				ENABLE_STRICT_OBJC_MSGSEND = YES;
				ENABLE_TESTABILITY = YES;
				GCC_C_LANGUAGE_STANDARD = gnu11;
				GCC_DYNAMIC_NO_PIC = NO;
				GCC_NO_COMMON_BLOCKS = YES;
				GCC_OPTIMIZATION_LEVEL = 0;
				GCC_PREPROCESSOR_DEFINITIONS = (
					"DEBUG=1",
					"$(inherited)",
				);
				GCC_WARN_64_TO_32_BIT_CONVERSION = YES;
				GCC_WARN_ABOUT_RETURN_TYPE = YES_ERROR;
				GCC_WARN_UNDECLARED_SELECTOR = YES;
				GCC_WARN_UNINITIALIZED_AUTOS = YES_AGGRESSIVE;
				GCC_WARN_UNUSED_FUNCTION = YES;
				GCC_WARN_UNUSED_VARIABLE = YES;
				IPHONEOS_DEPLOYMENT_TARGET = 15.0;
				MTL_ENABLE_DEBUG_INFO = INCLUDE_SOURCE;
				MTL_FAST_MATH = YES;
				ONLY_ACTIVE_ARCH = YES;
				SDKROOT = iphoneos;
				SWIFT_ACTIVE_COMPILATION_CONDITIONS = DEBUG;
				SWIFT_OPTIMIZATION_LEVEL = "-Onone";
			};
			name = Debug;
		};
		FFA7751427193CCD00293F6B /* Release */ = {
			isa = XCBuildConfiguration;
			buildSettings = {
				ALWAYS_SEARCH_USER_PATHS = NO;
				CLANG_ANALYZER_NONNULL = YES;
				CLANG_ANALYZER_NUMBER_OBJECT_CONVERSION = YES_AGGRESSIVE;
				CLANG_CXX_LANGUAGE_STANDARD = "gnu++17";
				CLANG_CXX_LIBRARY = "libc++";
				CLANG_ENABLE_MODULES = YES;
				CLANG_ENABLE_OBJC_ARC = YES;
				CLANG_ENABLE_OBJC_WEAK = YES;
				CLANG_WARN_BLOCK_CAPTURE_AUTORELEASING = YES;
				CLANG_WARN_BOOL_CONVERSION = YES;
				CLANG_WARN_COMMA = YES;
				CLANG_WARN_CONSTANT_CONVERSION = YES;
				CLANG_WARN_DEPRECATED_OBJC_IMPLEMENTATIONS = YES;
				CLANG_WARN_DIRECT_OBJC_ISA_USAGE = YES_ERROR;
				CLANG_WARN_DOCUMENTATION_COMMENTS = YES;
				CLANG_WARN_EMPTY_BODY = YES;
				CLANG_WARN_ENUM_CONVERSION = YES;
				CLANG_WARN_INFINITE_RECURSION = YES;
				CLANG_WARN_INT_CONVERSION = YES;
				CLANG_WARN_NON_LITERAL_NULL_CONVERSION = YES;
				CLANG_WARN_OBJC_IMPLICIT_RETAIN_SELF = YES;
				CLANG_WARN_OBJC_LITERAL_CONVERSION = YES;
				CLANG_WARN_OBJC_ROOT_CLASS = YES_ERROR;
				CLANG_WARN_QUOTED_INCLUDE_IN_FRAMEWORK_HEADER = YES;
				CLANG_WARN_RANGE_LOOP_ANALYSIS = YES;
				CLANG_WARN_STRICT_PROTOTYPES = YES;
				CLANG_WARN_SUSPICIOUS_MOVE = YES;
				CLANG_WARN_UNGUARDED_AVAILABILITY = YES_AGGRESSIVE;
				CLANG_WARN_UNREACHABLE_CODE = YES;
				CLANG_WARN__DUPLICATE_METHOD_MATCH = YES;
				COPY_PHASE_STRIP = NO;
				DEBUG_INFORMATION_FORMAT = "dwarf-with-dsym";
				ENABLE_NS_ASSERTIONS = NO;
				ENABLE_STRICT_OBJC_MSGSEND = YES;
				GCC_C_LANGUAGE_STANDARD = gnu11;
				GCC_NO_COMMON_BLOCKS = YES;
				GCC_WARN_64_TO_32_BIT_CONVERSION = YES;
				GCC_WARN_ABOUT_RETURN_TYPE = YES_ERROR;
				GCC_WARN_UNDECLARED_SELECTOR = YES;
				GCC_WARN_UNINITIALIZED_AUTOS = YES_AGGRESSIVE;
				GCC_WARN_UNUSED_FUNCTION = YES;
				GCC_WARN_UNUSED_VARIABLE = YES;
				IPHONEOS_DEPLOYMENT_TARGET = 15.0;
				MTL_ENABLE_DEBUG_INFO = NO;
				MTL_FAST_MATH = YES;
				SDKROOT = iphoneos;
				SWIFT_COMPILATION_MODE = wholemodule;
				SWIFT_OPTIMIZATION_LEVEL = "-O";
				VALIDATE_PRODUCT = YES;
			};
			name = Release;
		};
		FFA7751627193CCD00293F6B /* Debug */ = {
			isa = XCBuildConfiguration;
			buildSettings = {
				ASSETCATALOG_COMPILER_APPICON_NAME = AppIcon;
				ASSETCATALOG_COMPILER_GLOBAL_ACCENT_COLOR_NAME = AccentColor;
				CODE_SIGN_STYLE = Automatic;
				CURRENT_PROJECT_VERSION = 1;
				DEVELOPMENT_TEAM = H3V637RY5A;
				GENERATE_INFOPLIST_FILE = YES;
				INFOPLIST_FILE = TrendMedia/Info.plist;
				INFOPLIST_KEY_UIApplicationSupportsIndirectInputEvents = YES;
				INFOPLIST_KEY_UILaunchStoryboardName = LaunchScreen;
				INFOPLIST_KEY_UIMainStoryboardFile = Main;
				INFOPLIST_KEY_UISupportedInterfaceOrientations_iPad = "UIInterfaceOrientationPortrait UIInterfaceOrientationPortraitUpsideDown UIInterfaceOrientationLandscapeLeft UIInterfaceOrientationLandscapeRight";
				INFOPLIST_KEY_UISupportedInterfaceOrientations_iPhone = "UIInterfaceOrientationPortrait UIInterfaceOrientationLandscapeLeft UIInterfaceOrientationLandscapeRight";
				LD_RUNPATH_SEARCH_PATHS = (
					"$(inherited)",
					"@executable_path/Frameworks",
				);
				MARKETING_VERSION = 1.0;
				PRODUCT_BUNDLE_IDENTIFIER = kr.yeonpark.TrendMedia;
				PRODUCT_NAME = "$(TARGET_NAME)";
				SWIFT_EMIT_LOC_STRINGS = YES;
				SWIFT_VERSION = 5.0;
				TARGETED_DEVICE_FAMILY = "1,2";
			};
			name = Debug;
		};
		FFA7751727193CCD00293F6B /* Release */ = {
			isa = XCBuildConfiguration;
			buildSettings = {
				ASSETCATALOG_COMPILER_APPICON_NAME = AppIcon;
				ASSETCATALOG_COMPILER_GLOBAL_ACCENT_COLOR_NAME = AccentColor;
				CODE_SIGN_STYLE = Automatic;
				CURRENT_PROJECT_VERSION = 1;
				DEVELOPMENT_TEAM = H3V637RY5A;
				GENERATE_INFOPLIST_FILE = YES;
				INFOPLIST_FILE = TrendMedia/Info.plist;
				INFOPLIST_KEY_UIApplicationSupportsIndirectInputEvents = YES;
				INFOPLIST_KEY_UILaunchStoryboardName = LaunchScreen;
				INFOPLIST_KEY_UIMainStoryboardFile = Main;
				INFOPLIST_KEY_UISupportedInterfaceOrientations_iPad = "UIInterfaceOrientationPortrait UIInterfaceOrientationPortraitUpsideDown UIInterfaceOrientationLandscapeLeft UIInterfaceOrientationLandscapeRight";
				INFOPLIST_KEY_UISupportedInterfaceOrientations_iPhone = "UIInterfaceOrientationPortrait UIInterfaceOrientationLandscapeLeft UIInterfaceOrientationLandscapeRight";
				LD_RUNPATH_SEARCH_PATHS = (
					"$(inherited)",
					"@executable_path/Frameworks",
				);
				MARKETING_VERSION = 1.0;
				PRODUCT_BUNDLE_IDENTIFIER = kr.yeonpark.TrendMedia;
				PRODUCT_NAME = "$(TARGET_NAME)";
				SWIFT_EMIT_LOC_STRINGS = YES;
				SWIFT_VERSION = 5.0;
				TARGETED_DEVICE_FAMILY = "1,2";
			};
			name = Release;
		};
/* End XCBuildConfiguration section */

/* Begin XCConfigurationList section */
		FFA774FC27193CCA00293F6B /* Build configuration list for PBXProject "TrendMedia" */ = {
			isa = XCConfigurationList;
			buildConfigurations = (
				FFA7751327193CCD00293F6B /* Debug */,
				FFA7751427193CCD00293F6B /* Release */,
			);
			defaultConfigurationIsVisible = 0;
			defaultConfigurationName = Release;
		};
		FFA7751527193CCD00293F6B /* Build configuration list for PBXNativeTarget "TrendMedia" */ = {
			isa = XCConfigurationList;
			buildConfigurations = (
				FFA7751627193CCD00293F6B /* Debug */,
				FFA7751727193CCD00293F6B /* Release */,
			);
			defaultConfigurationIsVisible = 0;
			defaultConfigurationName = Release;
		};
/* End XCConfigurationList section */
	};
	rootObject = FFA774F927193CCA00293F6B /* Project object */;
}
