// !$*UTF8*$!
{
	archiveVersion = 1;
	classes = {
	};
	objectVersion = 55;
	objects = {

/* Begin PBXBuildFile section */
		FF1BBA8927268782005A3518 /* AppDelegate.swift in Sources */ = {isa = PBXBuildFile; fileRef = FF1BBA8827268782005A3518 /* AppDelegate.swift */; };
		FF1BBA8B27268782005A3518 /* SceneDelegate.swift in Sources */ = {isa = PBXBuildFile; fileRef = FF1BBA8A27268782005A3518 /* SceneDelegate.swift */; };
		FF1BBA8D27268782005A3518 /* ViewController.swift in Sources */ = {isa = PBXBuildFile; fileRef = FF1BBA8C27268782005A3518 /* ViewController.swift */; };
		FF1BBA9027268782005A3518 /* Main.storyboard in Resources */ = {isa = PBXBuildFile; fileRef = FF1BBA8E27268782005A3518 /* Main.storyboard */; };
		FF1BBA9227268785005A3518 /* Assets.xcassets in Resources */ = {isa = PBXBuildFile; fileRef = FF1BBA9127268785005A3518 /* Assets.xcassets */; };
		FF1BBA9527268785005A3518 /* LaunchScreen.storyboard in Resources */ = {isa = PBXBuildFile; fileRef = FF1BBA9327268785005A3518 /* LaunchScreen.storyboard */; };
		FF1BBAA12727827B005A3518 /* Alamofire in Frameworks */ = {isa = PBXBuildFile; productRef = FF1BBAA02727827B005A3518 /* Alamofire */; };
		FF1BBAA527278334005A3518 /* SwiftyJSON in Frameworks */ = {isa = PBXBuildFile; productRef = FF1BBAA427278334005A3518 /* SwiftyJSON */; };
		FF9C91752727DCFC007D96BF /* API.swift in Sources */ = {isa = PBXBuildFile; fileRef = FF9C91742727DCFC007D96BF /* API.swift */; };
		FF9C91782727EA68007D96BF /* WeatherModel.swift in Sources */ = {isa = PBXBuildFile; fileRef = FF9C91772727EA68007D96BF /* WeatherModel.swift */; };
		FF9C917B2727F9FD007D96BF /* Kingfisher in Frameworks */ = {isa = PBXBuildFile; productRef = FF9C917A2727F9FD007D96BF /* Kingfisher */; };
/* End PBXBuildFile section */

/* Begin PBXFileReference section */
		FF1BBA8527268782005A3518 /* Weather.app */ = {isa = PBXFileReference; explicitFileType = wrapper.application; includeInIndex = 0; path = Weather.app; sourceTree = BUILT_PRODUCTS_DIR; };
		FF1BBA8827268782005A3518 /* AppDelegate.swift */ = {isa = PBXFileReference; lastKnownFileType = sourcecode.swift; path = AppDelegate.swift; sourceTree = "<group>"; };
		FF1BBA8A27268782005A3518 /* SceneDelegate.swift */ = {isa = PBXFileReference; lastKnownFileType = sourcecode.swift; path = SceneDelegate.swift; sourceTree = "<group>"; };
		FF1BBA8C27268782005A3518 /* ViewController.swift */ = {isa = PBXFileReference; lastKnownFileType = sourcecode.swift; path = ViewController.swift; sourceTree = "<group>"; };
		FF1BBA8F27268782005A3518 /* Base */ = {isa = PBXFileReference; lastKnownFileType = file.storyboard; name = Base; path = Base.lproj/Main.storyboard; sourceTree = "<group>"; };
		FF1BBA9127268785005A3518 /* Assets.xcassets */ = {isa = PBXFileReference; lastKnownFileType = folder.assetcatalog; path = Assets.xcassets; sourceTree = "<group>"; };
		FF1BBA9427268785005A3518 /* Base */ = {isa = PBXFileReference; lastKnownFileType = file.storyboard; name = Base; path = Base.lproj/LaunchScreen.storyboard; sourceTree = "<group>"; };
		FF1BBA9627268785005A3518 /* Info.plist */ = {isa = PBXFileReference; lastKnownFileType = text.plist.xml; path = Info.plist; sourceTree = "<group>"; };
		FF9C91742727DCFC007D96BF /* API.swift */ = {isa = PBXFileReference; lastKnownFileType = sourcecode.swift; path = API.swift; sourceTree = "<group>"; };
		FF9C91772727EA68007D96BF /* WeatherModel.swift */ = {isa = PBXFileReference; lastKnownFileType = sourcecode.swift; path = WeatherModel.swift; sourceTree = "<group>"; };
/* End PBXFileReference section */

/* Begin PBXFrameworksBuildPhase section */
		FF1BBA8227268782005A3518 /* Frameworks */ = {
			isa = PBXFrameworksBuildPhase;
			buildActionMask = 2147483647;
			files = (
				FF9C917B2727F9FD007D96BF /* Kingfisher in Frameworks */,
				FF1BBAA527278334005A3518 /* SwiftyJSON in Frameworks */,
				FF1BBAA12727827B005A3518 /* Alamofire in Frameworks */,
			);
			runOnlyForDeploymentPostprocessing = 0;
		};
/* End PBXFrameworksBuildPhase section */

/* Begin PBXGroup section */
		FF1BBA7C27268782005A3518 = {
			isa = PBXGroup;
			children = (
				FF1BBA8727268782005A3518 /* Weather */,
				FF1BBA8627268782005A3518 /* Products */,
			);
			sourceTree = "<group>";
		};
		FF1BBA8627268782005A3518 /* Products */ = {
			isa = PBXGroup;
			children = (
				FF1BBA8527268782005A3518 /* Weather.app */,
			);
			name = Products;
			sourceTree = "<group>";
		};
		FF1BBA8727268782005A3518 /* Weather */ = {
			isa = PBXGroup;
			children = (
				FF9C91762727EA5D007D96BF /* Model */,
				FF1BBA9E2726879F005A3518 /* Resource */,
				FF1BBA9D27268798005A3518 /* Storyboard */,
				FF1BBA9C27268790005A3518 /* Controller */,
				FF1BBA9627268785005A3518 /* Info.plist */,
			);
			path = Weather;
			sourceTree = "<group>";
		};
		FF1BBA9C27268790005A3518 /* Controller */ = {
			isa = PBXGroup;
			children = (
				FF1BBA8C27268782005A3518 /* ViewController.swift */,
			);
			path = Controller;
			sourceTree = "<group>";
		};
		FF1BBA9D27268798005A3518 /* Storyboard */ = {
			isa = PBXGroup;
			children = (
				FF1BBA8E27268782005A3518 /* Main.storyboard */,
				FF1BBA9327268785005A3518 /* LaunchScreen.storyboard */,
			);
			path = Storyboard;
			sourceTree = "<group>";
		};
		FF1BBA9E2726879F005A3518 /* Resource */ = {
			isa = PBXGroup;
			children = (
				FF1BBA8827268782005A3518 /* AppDelegate.swift */,
				FF1BBA8A27268782005A3518 /* SceneDelegate.swift */,
				FF1BBA9127268785005A3518 /* Assets.xcassets */,
				FF9C91742727DCFC007D96BF /* API.swift */,
			);
			path = Resource;
			sourceTree = "<group>";
		};
		FF9C91762727EA5D007D96BF /* Model */ = {
			isa = PBXGroup;
			children = (
				FF9C91772727EA68007D96BF /* WeatherModel.swift */,
			);
			path = Model;
			sourceTree = "<group>";
		};
/* End PBXGroup section */

/* Begin PBXNativeTarget section */
		FF1BBA8427268782005A3518 /* Weather */ = {
			isa = PBXNativeTarget;
			buildConfigurationList = FF1BBA9927268785005A3518 /* Build configuration list for PBXNativeTarget "Weather" */;
			buildPhases = (
				FF1BBA8127268782005A3518 /* Sources */,
				FF1BBA8227268782005A3518 /* Frameworks */,
				FF1BBA8327268782005A3518 /* Resources */,
			);
			buildRules = (
			);
			dependencies = (
			);
			name = Weather;
			packageProductDependencies = (
				FF1BBAA02727827B005A3518 /* Alamofire */,
				FF1BBAA427278334005A3518 /* SwiftyJSON */,
				FF9C917A2727F9FD007D96BF /* Kingfisher */,
			);
			productName = Weather;
			productReference = FF1BBA8527268782005A3518 /* Weather.app */;
			productType = "com.apple.product-type.application";
		};
/* End PBXNativeTarget section */

/* Begin PBXProject section */
		FF1BBA7D27268782005A3518 /* Project object */ = {
			isa = PBXProject;
			attributes = {
				BuildIndependentTargetsInParallel = 1;
				LastSwiftUpdateCheck = 1300;
				LastUpgradeCheck = 1300;
				TargetAttributes = {
					FF1BBA8427268782005A3518 = {
						CreatedOnToolsVersion = 13.0;
					};
				};
			};
			buildConfigurationList = FF1BBA8027268782005A3518 /* Build configuration list for PBXProject "Weather" */;
			compatibilityVersion = "Xcode 13.0";
			developmentRegion = en;
			hasScannedForEncodings = 0;
			knownRegions = (
				en,
				Base,
			);
			mainGroup = FF1BBA7C27268782005A3518;
			packageReferences = (
				FF1BBA9F2727827B005A3518 /* XCRemoteSwiftPackageReference "Alamofire" */,
				FF1BBAA327278334005A3518 /* XCRemoteSwiftPackageReference "SwiftyJSON" */,
				FF9C91792727F9FD007D96BF /* XCRemoteSwiftPackageReference "Kingfisher" */,
			);
			productRefGroup = FF1BBA8627268782005A3518 /* Products */;
			projectDirPath = "";
			projectRoot = "";
			targets = (
				FF1BBA8427268782005A3518 /* Weather */,
			);
		};
/* End PBXProject section */

/* Begin PBXResourcesBuildPhase section */
		FF1BBA8327268782005A3518 /* Resources */ = {
			isa = PBXResourcesBuildPhase;
			buildActionMask = 2147483647;
			files = (
				FF1BBA9527268785005A3518 /* LaunchScreen.storyboard in Resources */,
				FF1BBA9227268785005A3518 /* Assets.xcassets in Resources */,
				FF1BBA9027268782005A3518 /* Main.storyboard in Resources */,
			);
			runOnlyForDeploymentPostprocessing = 0;
		};
/* End PBXResourcesBuildPhase section */

/* Begin PBXSourcesBuildPhase section */
		FF1BBA8127268782005A3518 /* Sources */ = {
			isa = PBXSourcesBuildPhase;
			buildActionMask = 2147483647;
			files = (
				FF1BBA8D27268782005A3518 /* ViewController.swift in Sources */,
				FF1BBA8927268782005A3518 /* AppDelegate.swift in Sources */,
				FF9C91752727DCFC007D96BF /* API.swift in Sources */,
				FF1BBA8B27268782005A3518 /* SceneDelegate.swift in Sources */,
				FF9C91782727EA68007D96BF /* WeatherModel.swift in Sources */,
			);
			runOnlyForDeploymentPostprocessing = 0;
		};
/* End PBXSourcesBuildPhase section */

/* Begin PBXVariantGroup section */
		FF1BBA8E27268782005A3518 /* Main.storyboard */ = {
			isa = PBXVariantGroup;
			children = (
				FF1BBA8F27268782005A3518 /* Base */,
			);
			name = Main.storyboard;
			sourceTree = "<group>";
		};
		FF1BBA9327268785005A3518 /* LaunchScreen.storyboard */ = {
			isa = PBXVariantGroup;
			children = (
				FF1BBA9427268785005A3518 /* Base */,
			);
			name = LaunchScreen.storyboard;
			sourceTree = "<group>";
		};
/* End PBXVariantGroup section */

/* Begin XCBuildConfiguration section */
		FF1BBA9727268785005A3518 /* Debug */ = {
			isa = XCBuildConfiguration;
			buildSettings = {
				ALWAYS_SEARCH_USER_PATHS = NO;
				CLANG_ANALYZER_NONNULL = YES;
				CLANG_ANALYZER_NUMBER_OBJECT_CONVERSION = YES_AGGRESSIVE;
				CLANG_CXX_LANGUAGE_STANDARD = "gnu++17";
				CLANG_CXX_LIBRARY = "libc++";
				CLANG_ENABLE_MODULES = YES;
				CLANG_ENABLE_OBJC_ARC = YES;
				CLANG_ENABLE_OBJC_WEAK = YES;
				CLANG_WARN_BLOCK_CAPTURE_AUTORELEASING = YES;
				CLANG_WARN_BOOL_CONVERSION = YES;
				CLANG_WARN_COMMA = YES;
				CLANG_WARN_CONSTANT_CONVERSION = YES;
				CLANG_WARN_DEPRECATED_OBJC_IMPLEMENTATIONS = YES;
				CLANG_WARN_DIRECT_OBJC_ISA_USAGE = YES_ERROR;
				CLANG_WARN_DOCUMENTATION_COMMENTS = YES;
				CLANG_WARN_EMPTY_BODY = YES;
				CLANG_WARN_ENUM_CONVERSION = YES;
				CLANG_WARN_INFINITE_RECURSION = YES;
				CLANG_WARN_INT_CONVERSION = YES;
				CLANG_WARN_NON_LITERAL_NULL_CONVERSION = YES;
				CLANG_WARN_OBJC_IMPLICIT_RETAIN_SELF = YES;
				CLANG_WARN_OBJC_LITERAL_CONVERSION = YES;
				CLANG_WARN_OBJC_ROOT_CLASS = YES_ERROR;
				CLANG_WARN_QUOTED_INCLUDE_IN_FRAMEWORK_HEADER = YES;
				CLANG_WARN_RANGE_LOOP_ANALYSIS = YES;
				CLANG_WARN_STRICT_PROTOTYPES = YES;
				CLANG_WARN_SUSPICIOUS_MOVE = YES;
				CLANG_WARN_UNGUARDED_AVAILABILITY = YES_AGGRESSIVE;
				CLANG_WARN_UNREACHABLE_CODE = YES;
				CLANG_WARN__DUPLICATE_METHOD_MATCH = YES;
				COPY_PHASE_STRIP = NO;
				DEBUG_INFORMATION_FORMAT = dwarf;
				ENABLE_STRICT_OBJC_MSGSEND = YES;
				ENABLE_TESTABILITY = YES;
				GCC_C_LANGUAGE_STANDARD = gnu11;
				GCC_DYNAMIC_NO_PIC = NO;
				GCC_NO_COMMON_BLOCKS = YES;
				GCC_OPTIMIZATION_LEVEL = 0;
				GCC_PREPROCESSOR_DEFINITIONS = (
					"DEBUG=1",
					"$(inherited)",
				);
				GCC_WARN_64_TO_32_BIT_CONVERSION = YES;
				GCC_WARN_ABOUT_RETURN_TYPE = YES_ERROR;
				GCC_WARN_UNDECLARED_SELECTOR = YES;
				GCC_WARN_UNINITIALIZED_AUTOS = YES_AGGRESSIVE;
				GCC_WARN_UNUSED_FUNCTION = YES;
				GCC_WARN_UNUSED_VARIABLE = YES;
				IPHONEOS_DEPLOYMENT_TARGET = 15.0;
				MTL_ENABLE_DEBUG_INFO = INCLUDE_SOURCE;
				MTL_FAST_MATH = YES;
				ONLY_ACTIVE_ARCH = YES;
				SDKROOT = iphoneos;
				SWIFT_ACTIVE_COMPILATION_CONDITIONS = DEBUG;
				SWIFT_OPTIMIZATION_LEVEL = "-Onone";
			};
			name = Debug;
		};
		FF1BBA9827268785005A3518 /* Release */ = {
			isa = XCBuildConfiguration;
			buildSettings = {
				ALWAYS_SEARCH_USER_PATHS = NO;
				CLANG_ANALYZER_NONNULL = YES;
				CLANG_ANALYZER_NUMBER_OBJECT_CONVERSION = YES_AGGRESSIVE;
				CLANG_CXX_LANGUAGE_STANDARD = "gnu++17";
				CLANG_CXX_LIBRARY = "libc++";
				CLANG_ENABLE_MODULES = YES;
				CLANG_ENABLE_OBJC_ARC = YES;
				CLANG_ENABLE_OBJC_WEAK = YES;
				CLANG_WARN_BLOCK_CAPTURE_AUTORELEASING = YES;
				CLANG_WARN_BOOL_CONVERSION = YES;
				CLANG_WARN_COMMA = YES;
				CLANG_WARN_CONSTANT_CONVERSION = YES;
				CLANG_WARN_DEPRECATED_OBJC_IMPLEMENTATIONS = YES;
				CLANG_WARN_DIRECT_OBJC_ISA_USAGE = YES_ERROR;
				CLANG_WARN_DOCUMENTATION_COMMENTS = YES;
				CLANG_WARN_EMPTY_BODY = YES;
				CLANG_WARN_ENUM_CONVERSION = YES;
				CLANG_WARN_INFINITE_RECURSION = YES;
				CLANG_WARN_INT_CONVERSION = YES;
				CLANG_WARN_NON_LITERAL_NULL_CONVERSION = YES;
				CLANG_WARN_OBJC_IMPLICIT_RETAIN_SELF = YES;
				CLANG_WARN_OBJC_LITERAL_CONVERSION = YES;
				CLANG_WARN_OBJC_ROOT_CLASS = YES_ERROR;
				CLANG_WARN_QUOTED_INCLUDE_IN_FRAMEWORK_HEADER = YES;
				CLANG_WARN_RANGE_LOOP_ANALYSIS = YES;
				CLANG_WARN_STRICT_PROTOTYPES = YES;
				CLANG_WARN_SUSPICIOUS_MOVE = YES;
				CLANG_WARN_UNGUARDED_AVAILABILITY = YES_AGGRESSIVE;
				CLANG_WARN_UNREACHABLE_CODE = YES;
				CLANG_WARN__DUPLICATE_METHOD_MATCH = YES;
				COPY_PHASE_STRIP = NO;
				DEBUG_INFORMATION_FORMAT = "dwarf-with-dsym";
				ENABLE_NS_ASSERTIONS = NO;
				ENABLE_STRICT_OBJC_MSGSEND = YES;
				GCC_C_LANGUAGE_STANDARD = gnu11;
				GCC_NO_COMMON_BLOCKS = YES;
				GCC_WARN_64_TO_32_BIT_CONVERSION = YES;
				GCC_WARN_ABOUT_RETURN_TYPE = YES_ERROR;
				GCC_WARN_UNDECLARED_SELECTOR = YES;
				GCC_WARN_UNINITIALIZED_AUTOS = YES_AGGRESSIVE;
				GCC_WARN_UNUSED_FUNCTION = YES;
				GCC_WARN_UNUSED_VARIABLE = YES;
				IPHONEOS_DEPLOYMENT_TARGET = 15.0;
				MTL_ENABLE_DEBUG_INFO = NO;
				MTL_FAST_MATH = YES;
				SDKROOT = iphoneos;
				SWIFT_COMPILATION_MODE = wholemodule;
				SWIFT_OPTIMIZATION_LEVEL = "-O";
				VALIDATE_PRODUCT = YES;
			};
			name = Release;
		};
		FF1BBA9A27268785005A3518 /* Debug */ = {
			isa = XCBuildConfiguration;
			buildSettings = {
				ASSETCATALOG_COMPILER_APPICON_NAME = AppIcon;
				ASSETCATALOG_COMPILER_GLOBAL_ACCENT_COLOR_NAME = AccentColor;
				CODE_SIGN_STYLE = Automatic;
				CURRENT_PROJECT_VERSION = 1;
				DEVELOPMENT_TEAM = H3V637RY5A;
				GENERATE_INFOPLIST_FILE = YES;
				INFOPLIST_FILE = Weather/Info.plist;
				INFOPLIST_KEY_UIApplicationSupportsIndirectInputEvents = YES;
				INFOPLIST_KEY_UILaunchStoryboardName = LaunchScreen;
				INFOPLIST_KEY_UIMainStoryboardFile = Main;
				INFOPLIST_KEY_UISupportedInterfaceOrientations_iPad = "UIInterfaceOrientationPortrait UIInterfaceOrientationPortraitUpsideDown UIInterfaceOrientationLandscapeLeft UIInterfaceOrientationLandscapeRight";
				INFOPLIST_KEY_UISupportedInterfaceOrientations_iPhone = "UIInterfaceOrientationPortrait UIInterfaceOrientationLandscapeLeft UIInterfaceOrientationLandscapeRight";
				LD_RUNPATH_SEARCH_PATHS = (
					"$(inherited)",
					"@executable_path/Frameworks",
				);
				MARKETING_VERSION = 1.0;
				PRODUCT_BUNDLE_IDENTIFIER = kr.yeonpark.Weather;
				PRODUCT_NAME = "$(TARGET_NAME)";
				SWIFT_EMIT_LOC_STRINGS = YES;
				SWIFT_VERSION = 5.0;
				TARGETED_DEVICE_FAMILY = "1,2";
			};
			name = Debug;
		};
		FF1BBA9B27268785005A3518 /* Release */ = {
			isa = XCBuildConfiguration;
			buildSettings = {
				ASSETCATALOG_COMPILER_APPICON_NAME = AppIcon;
				ASSETCATALOG_COMPILER_GLOBAL_ACCENT_COLOR_NAME = AccentColor;
				CODE_SIGN_STYLE = Automatic;
				CURRENT_PROJECT_VERSION = 1;
				DEVELOPMENT_TEAM = H3V637RY5A;
				GENERATE_INFOPLIST_FILE = YES;
				INFOPLIST_FILE = Weather/Info.plist;
				INFOPLIST_KEY_UIApplicationSupportsIndirectInputEvents = YES;
				INFOPLIST_KEY_UILaunchStoryboardName = LaunchScreen;
				INFOPLIST_KEY_UIMainStoryboardFile = Main;
				INFOPLIST_KEY_UISupportedInterfaceOrientations_iPad = "UIInterfaceOrientationPortrait UIInterfaceOrientationPortraitUpsideDown UIInterfaceOrientationLandscapeLeft UIInterfaceOrientationLandscapeRight";
				INFOPLIST_KEY_UISupportedInterfaceOrientations_iPhone = "UIInterfaceOrientationPortrait UIInterfaceOrientationLandscapeLeft UIInterfaceOrientationLandscapeRight";
				LD_RUNPATH_SEARCH_PATHS = (
					"$(inherited)",
					"@executable_path/Frameworks",
				);
				MARKETING_VERSION = 1.0;
				PRODUCT_BUNDLE_IDENTIFIER = kr.yeonpark.Weather;
				PRODUCT_NAME = "$(TARGET_NAME)";
				SWIFT_EMIT_LOC_STRINGS = YES;
				SWIFT_VERSION = 5.0;
				TARGETED_DEVICE_FAMILY = "1,2";
			};
			name = Release;
		};
/* End XCBuildConfiguration section */

/* Begin XCConfigurationList section */
		FF1BBA8027268782005A3518 /* Build configuration list for PBXProject "Weather" */ = {
			isa = XCConfigurationList;
			buildConfigurations = (
				FF1BBA9727268785005A3518 /* Debug */,
				FF1BBA9827268785005A3518 /* Release */,
			);
			defaultConfigurationIsVisible = 0;
			defaultConfigurationName = Release;
		};
		FF1BBA9927268785005A3518 /* Build configuration list for PBXNativeTarget "Weather" */ = {
			isa = XCConfigurationList;
			buildConfigurations = (
				FF1BBA9A27268785005A3518 /* Debug */,
				FF1BBA9B27268785005A3518 /* Release */,
			);
			defaultConfigurationIsVisible = 0;
			defaultConfigurationName = Release;
		};
/* End XCConfigurationList section */

/* Begin XCRemoteSwiftPackageReference section */
		FF1BBA9F2727827B005A3518 /* XCRemoteSwiftPackageReference "Alamofire" */ = {
			isa = XCRemoteSwiftPackageReference;
			repositoryURL = "https://github.com/Alamofire/Alamofire.git";
			requirement = {
				kind = upToNextMajorVersion;
				minimumVersion = 5.0.0;
			};
		};
		FF1BBAA327278334005A3518 /* XCRemoteSwiftPackageReference "SwiftyJSON" */ = {
			isa = XCRemoteSwiftPackageReference;
			repositoryURL = "https://github.com/SwiftyJSON/SwiftyJSON.git";
			requirement = {
				kind = upToNextMajorVersion;
				minimumVersion = 5.0.0;
			};
		};
		FF9C91792727F9FD007D96BF /* XCRemoteSwiftPackageReference "Kingfisher" */ = {
			isa = XCRemoteSwiftPackageReference;
			repositoryURL = "https://github.com/onevcat/Kingfisher.git";
			requirement = {
				kind = upToNextMajorVersion;
				minimumVersion = 7.0.0;
			};
		};
/* End XCRemoteSwiftPackageReference section */

/* Begin XCSwiftPackageProductDependency section */
		FF1BBAA02727827B005A3518 /* Alamofire */ = {
			isa = XCSwiftPackageProductDependency;
			package = FF1BBA9F2727827B005A3518 /* XCRemoteSwiftPackageReference "Alamofire" */;
			productName = Alamofire;
		};
		FF1BBAA427278334005A3518 /* SwiftyJSON */ = {
			isa = XCSwiftPackageProductDependency;
			package = FF1BBAA327278334005A3518 /* XCRemoteSwiftPackageReference "SwiftyJSON" */;
			productName = SwiftyJSON;
		};
		FF9C917A2727F9FD007D96BF /* Kingfisher */ = {
			isa = XCSwiftPackageProductDependency;
			package = FF9C91792727F9FD007D96BF /* XCRemoteSwiftPackageReference "Kingfisher" */;
			productName = Kingfisher;
		};
/* End XCSwiftPackageProductDependency section */
	};
	rootObject = FF1BBA7D27268782005A3518 /* Project object */;
}
